// !$*UTF8*$!
{
	archiveVersion = 1;
	classes = {
	};
	objectVersion = 50;
	objects = {

/* Begin PBXBuildFile section */
		98F2B7EA245AA7F8007F6E6A /* AppDelegate.swift in Sources */ = {isa = PBXBuildFile; fileRef = 98F2B7E9245AA7F8007F6E6A /* AppDelegate.swift */; };
		98F2B7EC245AA7F8007F6E6A /* SceneDelegate.swift in Sources */ = {isa = PBXBuildFile; fileRef = 98F2B7EB245AA7F8007F6E6A /* SceneDelegate.swift */; };
		98F2B7EE245AA7F8007F6E6A /* ViewController.swift in Sources */ = {isa = PBXBuildFile; fileRef = 98F2B7ED245AA7F8007F6E6A /* ViewController.swift */; };
		98F2B7F1245AA7F8007F6E6A /* Main.storyboard in Resources */ = {isa = PBXBuildFile; fileRef = 98F2B7EF245AA7F8007F6E6A /* Main.storyboard */; };
		98F2B7F3245AA7FC007F6E6A /* Assets.xcassets in Resources */ = {isa = PBXBuildFile; fileRef = 98F2B7F2245AA7FC007F6E6A /* Assets.xcassets */; };
		98F2B7F6245AA7FC007F6E6A /* LaunchScreen.storyboard in Resources */ = {isa = PBXBuildFile; fileRef = 98F2B7F4245AA7FC007F6E6A /* LaunchScreen.storyboard */; };
		98F2B801245AA7FC007F6E6A /* Casale_Homework__10Tests.swift in Sources */ = {isa = PBXBuildFile; fileRef = 98F2B800245AA7FC007F6E6A /* Casale_Homework__10Tests.swift */; };
		98F2B80C245AA7FC007F6E6A /* Casale_Homework__10UITests.swift in Sources */ = {isa = PBXBuildFile; fileRef = 98F2B80B245AA7FC007F6E6A /* Casale_Homework__10UITests.swift */; };
/* End PBXBuildFile section */

/* Begin PBXContainerItemProxy section */
		98F2B7FD245AA7FC007F6E6A /* PBXContainerItemProxy */ = {
			isa = PBXContainerItemProxy;
			containerPortal = 98F2B7DE245AA7F8007F6E6A /* Project object */;
			proxyType = 1;
			remoteGlobalIDString = 98F2B7E5245AA7F8007F6E6A;
			remoteInfo = "Casale Homework #10";
		};
		98F2B808245AA7FC007F6E6A /* PBXContainerItemProxy */ = {
			isa = PBXContainerItemProxy;
			containerPortal = 98F2B7DE245AA7F8007F6E6A /* Project object */;
			proxyType = 1;
			remoteGlobalIDString = 98F2B7E5245AA7F8007F6E6A;
			remoteInfo = "Casale Homework #10";
		};
/* End PBXContainerItemProxy section */

/* Begin PBXFileReference section */
		98F2B7E6245AA7F8007F6E6A /* Casale Homework #10.app */ = {isa = PBXFileReference; explicitFileType = wrapper.application; includeInIndex = 0; path = "Casale Homework #10.app"; sourceTree = BUILT_PRODUCTS_DIR; };
		98F2B7E9245AA7F8007F6E6A /* AppDelegate.swift */ = {isa = PBXFileReference; lastKnownFileType = sourcecode.swift; path = AppDelegate.swift; sourceTree = "<group>"; };
		98F2B7EB245AA7F8007F6E6A /* SceneDelegate.swift */ = {isa = PBXFileReference; lastKnownFileType = sourcecode.swift; path = SceneDelegate.swift; sourceTree = "<group>"; };
		98F2B7ED245AA7F8007F6E6A /* ViewController.swift */ = {isa = PBXFileReference; lastKnownFileType = sourcecode.swift; path = ViewController.swift; sourceTree = "<group>"; };
		98F2B7F0245AA7F8007F6E6A /* Base */ = {isa = PBXFileReference; lastKnownFileType = file.storyboard; name = Base; path = Base.lproj/Main.storyboard; sourceTree = "<group>"; };
		98F2B7F2245AA7FC007F6E6A /* Assets.xcassets */ = {isa = PBXFileReference; lastKnownFileType = folder.assetcatalog; path = Assets.xcassets; sourceTree = "<group>"; };
		98F2B7F5245AA7FC007F6E6A /* Base */ = {isa = PBXFileReference; lastKnownFileType = file.storyboard; name = Base; path = Base.lproj/LaunchScreen.storyboard; sourceTree = "<group>"; };
		98F2B7F7245AA7FC007F6E6A /* Info.plist */ = {isa = PBXFileReference; lastKnownFileType = text.plist.xml; path = Info.plist; sourceTree = "<group>"; };
		98F2B7FC245AA7FC007F6E6A /* Casale Homework #10Tests.xctest */ = {isa = PBXFileReference; explicitFileType = wrapper.cfbundle; includeInIndex = 0; path = "Casale Homework #10Tests.xctest"; sourceTree = BUILT_PRODUCTS_DIR; };
		98F2B800245AA7FC007F6E6A /* Casale_Homework__10Tests.swift */ = {isa = PBXFileReference; lastKnownFileType = sourcecode.swift; path = Casale_Homework__10Tests.swift; sourceTree = "<group>"; };
		98F2B802245AA7FC007F6E6A /* Info.plist */ = {isa = PBXFileReference; lastKnownFileType = text.plist.xml; path = Info.plist; sourceTree = "<group>"; };
		98F2B807245AA7FC007F6E6A /* Casale Homework #10UITests.xctest */ = {isa = PBXFileReference; explicitFileType = wrapper.cfbundle; includeInIndex = 0; path = "Casale Homework #10UITests.xctest"; sourceTree = BUILT_PRODUCTS_DIR; };
		98F2B80B245AA7FC007F6E6A /* Casale_Homework__10UITests.swift */ = {isa = PBXFileReference; lastKnownFileType = sourcecode.swift; path = Casale_Homework__10UITests.swift; sourceTree = "<group>"; };
		98F2B80D245AA7FC007F6E6A /* Info.plist */ = {isa = PBXFileReference; lastKnownFileType = text.plist.xml; path = Info.plist; sourceTree = "<group>"; };
/* End PBXFileReference section */

/* Begin PBXFrameworksBuildPhase section */
		98F2B7E3245AA7F8007F6E6A /* Frameworks */ = {
			isa = PBXFrameworksBuildPhase;
			buildActionMask = 2147483647;
			files = (
			);
			runOnlyForDeploymentPostprocessing = 0;
		};
		98F2B7F9245AA7FC007F6E6A /* Frameworks */ = {
			isa = PBXFrameworksBuildPhase;
			buildActionMask = 2147483647;
			files = (
			);
			runOnlyForDeploymentPostprocessing = 0;
		};
		98F2B804245AA7FC007F6E6A /* Frameworks */ = {
			isa = PBXFrameworksBuildPhase;
			buildActionMask = 2147483647;
			files = (
			);
			runOnlyForDeploymentPostprocessing = 0;
		};
/* End PBXFrameworksBuildPhase section */

/* Begin PBXGroup section */
		98F2B7DD245AA7F8007F6E6A = {
			isa = PBXGroup;
			children = (
				98F2B7E8245AA7F8007F6E6A /* Casale Homework #10 */,
				98F2B7FF245AA7FC007F6E6A /* Casale Homework #10Tests */,
				98F2B80A245AA7FC007F6E6A /* Casale Homework #10UITests */,
				98F2B7E7245AA7F8007F6E6A /* Products */,
			);
			sourceTree = "<group>";
		};
		98F2B7E7245AA7F8007F6E6A /* Products */ = {
			isa = PBXGroup;
			children = (
				98F2B7E6245AA7F8007F6E6A /* Casale Homework #10.app */,
				98F2B7FC245AA7FC007F6E6A /* Casale Homework #10Tests.xctest */,
				98F2B807245AA7FC007F6E6A /* Casale Homework #10UITests.xctest */,
			);
			name = Products;
			sourceTree = "<group>";
		};
		98F2B7E8245AA7F8007F6E6A /* Casale Homework #10 */ = {
			isa = PBXGroup;
			children = (
				98F2B7E9245AA7F8007F6E6A /* AppDelegate.swift */,
				98F2B7EB245AA7F8007F6E6A /* SceneDelegate.swift */,
				98F2B7ED245AA7F8007F6E6A /* ViewController.swift */,
				98F2B7EF245AA7F8007F6E6A /* Main.storyboard */,
				98F2B7F2245AA7FC007F6E6A /* Assets.xcassets */,
				98F2B7F4245AA7FC007F6E6A /* LaunchScreen.storyboard */,
				98F2B7F7245AA7FC007F6E6A /* Info.plist */,
			);
			path = "Casale Homework #10";
			sourceTree = "<group>";
		};
		98F2B7FF245AA7FC007F6E6A /* Casale Homework #10Tests */ = {
			isa = PBXGroup;
			children = (
				98F2B800245AA7FC007F6E6A /* Casale_Homework__10Tests.swift */,
				98F2B802245AA7FC007F6E6A /* Info.plist */,
			);
			path = "Casale Homework #10Tests";
			sourceTree = "<group>";
		};
		98F2B80A245AA7FC007F6E6A /* Casale Homework #10UITests */ = {
			isa = PBXGroup;
			children = (
				98F2B80B245AA7FC007F6E6A /* Casale_Homework__10UITests.swift */,
				98F2B80D245AA7FC007F6E6A /* Info.plist */,
			);
			path = "Casale Homework #10UITests";
			sourceTree = "<group>";
		};
/* End PBXGroup section */

/* Begin PBXNativeTarget section */
		98F2B7E5245AA7F8007F6E6A /* Casale Homework #10 */ = {
			isa = PBXNativeTarget;
			buildConfigurationList = 98F2B810245AA7FC007F6E6A /* Build configuration list for PBXNativeTarget "Casale Homework #10" */;
			buildPhases = (
				98F2B7E2245AA7F8007F6E6A /* Sources */,
				98F2B7E3245AA7F8007F6E6A /* Frameworks */,
				98F2B7E4245AA7F8007F6E6A /* Resources */,
			);
			buildRules = (
			);
			dependencies = (
			);
			name = "Casale Homework #10";
			productName = "Casale Homework #10";
			productReference = 98F2B7E6245AA7F8007F6E6A /* Casale Homework #10.app */;
			productType = "com.apple.product-type.application";
		};
		98F2B7FB245AA7FC007F6E6A /* Casale Homework #10Tests */ = {
			isa = PBXNativeTarget;
			buildConfigurationList = 98F2B813245AA7FC007F6E6A /* Build configuration list for PBXNativeTarget "Casale Homework #10Tests" */;
			buildPhases = (
				98F2B7F8245AA7FC007F6E6A /* Sources */,
				98F2B7F9245AA7FC007F6E6A /* Frameworks */,
				98F2B7FA245AA7FC007F6E6A /* Resources */,
			);
			buildRules = (
			);
			dependencies = (
				98F2B7FE245AA7FC007F6E6A /* PBXTargetDependency */,
			);
			name = "Casale Homework #10Tests";
			productName = "Casale Homework #10Tests";
			productReference = 98F2B7FC245AA7FC007F6E6A /* Casale Homework #10Tests.xctest */;
			productType = "com.apple.product-type.bundle.unit-test";
		};
		98F2B806245AA7FC007F6E6A /* Casale Homework #10UITests */ = {
			isa = PBXNativeTarget;
			buildConfigurationList = 98F2B816245AA7FC007F6E6A /* Build configuration list for PBXNativeTarget "Casale Homework #10UITests" */;
			buildPhases = (
				98F2B803245AA7FC007F6E6A /* Sources */,
				98F2B804245AA7FC007F6E6A /* Frameworks */,
				98F2B805245AA7FC007F6E6A /* Resources */,
			);
			buildRules = (
			);
			dependencies = (
				98F2B809245AA7FC007F6E6A /* PBXTargetDependency */,
			);
			name = "Casale Homework #10UITests";
			productName = "Casale Homework #10UITests";
			productReference = 98F2B807245AA7FC007F6E6A /* Casale Homework #10UITests.xctest */;
			productType = "com.apple.product-type.bundle.ui-testing";
		};
/* End PBXNativeTarget section */

/* Begin PBXProject section */
		98F2B7DE245AA7F8007F6E6A /* Project object */ = {
			isa = PBXProject;
			attributes = {
				LastSwiftUpdateCheck = 1130;
				LastUpgradeCheck = 1130;
				ORGANIZATIONNAME = "Amy Casale";
				TargetAttributes = {
					98F2B7E5245AA7F8007F6E6A = {
						CreatedOnToolsVersion = 11.3.1;
					};
					98F2B7FB245AA7FC007F6E6A = {
						CreatedOnToolsVersion = 11.3.1;
						TestTargetID = 98F2B7E5245AA7F8007F6E6A;
					};
					98F2B806245AA7FC007F6E6A = {
						CreatedOnToolsVersion = 11.3.1;
						TestTargetID = 98F2B7E5245AA7F8007F6E6A;
					};
				};
			};
			buildConfigurationList = 98F2B7E1245AA7F8007F6E6A /* Build configuration list for PBXProject "Casale Homework #10" */;
			compatibilityVersion = "Xcode 9.3";
			developmentRegion = en;
			hasScannedForEncodings = 0;
			knownRegions = (
				en,
				Base,
			);
			mainGroup = 98F2B7DD245AA7F8007F6E6A;
			productRefGroup = 98F2B7E7245AA7F8007F6E6A /* Products */;
			projectDirPath = "";
			projectRoot = "";
			targets = (
				98F2B7E5245AA7F8007F6E6A /* Casale Homework #10 */,
				98F2B7FB245AA7FC007F6E6A /* Casale Homework #10Tests */,
				98F2B806245AA7FC007F6E6A /* Casale Homework #10UITests */,
			);
		};
/* End PBXProject section */

/* Begin PBXResourcesBuildPhase section */
		98F2B7E4245AA7F8007F6E6A /* Resources */ = {
			isa = PBXResourcesBuildPhase;
			buildActionMask = 2147483647;
			files = (
				98F2B7F6245AA7FC007F6E6A /* LaunchScreen.storyboard in Resources */,
				98F2B7F3245AA7FC007F6E6A /* Assets.xcassets in Resources */,
				98F2B7F1245AA7F8007F6E6A /* Main.storyboard in Resources */,
			);
			runOnlyForDeploymentPostprocessing = 0;
		};
		98F2B7FA245AA7FC007F6E6A /* Resources */ = {
			isa = PBXResourcesBuildPhase;
			buildActionMask = 2147483647;
			files = (
			);
			runOnlyForDeploymentPostprocessing = 0;
		};
		98F2B805245AA7FC007F6E6A /* Resources */ = {
			isa = PBXResourcesBuildPhase;
			buildActionMask = 2147483647;
			files = (
			);
			runOnlyForDeploymentPostprocessing = 0;
		};
/* End PBXResourcesBuildPhase section */

/* Begin PBXSourcesBuildPhase section */
		98F2B7E2245AA7F8007F6E6A /* Sources */ = {
			isa = PBXSourcesBuildPhase;
			buildActionMask = 2147483647;
			files = (
				98F2B7EE245AA7F8007F6E6A /* ViewController.swift in Sources */,
				98F2B7EA245AA7F8007F6E6A /* AppDelegate.swift in Sources */,
				98F2B7EC245AA7F8007F6E6A /* SceneDelegate.swift in Sources */,
			);
			runOnlyForDeploymentPostprocessing = 0;
		};
		98F2B7F8245AA7FC007F6E6A /* Sources */ = {
			isa = PBXSourcesBuildPhase;
			buildActionMask = 2147483647;
			files = (
				98F2B801245AA7FC007F6E6A /* Casale_Homework__10Tests.swift in Sources */,
			);
			runOnlyForDeploymentPostprocessing = 0;
		};
		98F2B803245AA7FC007F6E6A /* Sources */ = {
			isa = PBXSourcesBuildPhase;
			buildActionMask = 2147483647;
			files = (
				98F2B80C245AA7FC007F6E6A /* Casale_Homework__10UITests.swift in Sources */,
			);
			runOnlyForDeploymentPostprocessing = 0;
		};
/* End PBXSourcesBuildPhase section */

/* Begin PBXTargetDependency section */
		98F2B7FE245AA7FC007F6E6A /* PBXTargetDependency */ = {
			isa = PBXTargetDependency;
			target = 98F2B7E5245AA7F8007F6E6A /* Casale Homework #10 */;
			targetProxy = 98F2B7FD245AA7FC007F6E6A /* PBXContainerItemProxy */;
		};
		98F2B809245AA7FC007F6E6A /* PBXTargetDependency */ = {
			isa = PBXTargetDependency;
			target = 98F2B7E5245AA7F8007F6E6A /* Casale Homework #10 */;
			targetProxy = 98F2B808245AA7FC007F6E6A /* PBXContainerItemProxy */;
		};
/* End PBXTargetDependency section */

/* Begin PBXVariantGroup section */
		98F2B7EF245AA7F8007F6E6A /* Main.storyboard */ = {
			isa = PBXVariantGroup;
			children = (
				98F2B7F0245AA7F8007F6E6A /* Base */,
			);
			name = Main.storyboard;
			sourceTree = "<group>";
		};
		98F2B7F4245AA7FC007F6E6A /* LaunchScreen.storyboard */ = {
			isa = PBXVariantGroup;
			children = (
				98F2B7F5245AA7FC007F6E6A /* Base */,
			);
			name = LaunchScreen.storyboard;
			sourceTree = "<group>";
		};
/* End PBXVariantGroup section */

/* Begin XCBuildConfiguration section */
		98F2B80E245AA7FC007F6E6A /* Debug */ = {
			isa = XCBuildConfiguration;
			buildSettings = {
				ALWAYS_SEARCH_USER_PATHS = NO;
				CLANG_ANALYZER_NONNULL = YES;
				CLANG_ANALYZER_NUMBER_OBJECT_CONVERSION = YES_AGGRESSIVE;
				CLANG_CXX_LANGUAGE_STANDARD = "gnu++14";
				CLANG_CXX_LIBRARY = "libc++";
				CLANG_ENABLE_MODULES = YES;
				CLANG_ENABLE_OBJC_ARC = YES;
				CLANG_ENABLE_OBJC_WEAK = YES;
				CLANG_WARN_BLOCK_CAPTURE_AUTORELEASING = YES;
				CLANG_WARN_BOOL_CONVERSION = YES;
				CLANG_WARN_COMMA = YES;
				CLANG_WARN_CONSTANT_CONVERSION = YES;
				CLANG_WARN_DEPRECATED_OBJC_IMPLEMENTATIONS = YES;
				CLANG_WARN_DIRECT_OBJC_ISA_USAGE = YES_ERROR;
				CLANG_WARN_DOCUMENTATION_COMMENTS = YES;
				CLANG_WARN_EMPTY_BODY = YES;
				CLANG_WARN_ENUM_CONVERSION = YES;
				CLANG_WARN_INFINITE_RECURSION = YES;
				CLANG_WARN_INT_CONVERSION = YES;
				CLANG_WARN_NON_LITERAL_NULL_CONVERSION = YES;
				CLANG_WARN_OBJC_IMPLICIT_RETAIN_SELF = YES;
				CLANG_WARN_OBJC_LITERAL_CONVERSION = YES;
				CLANG_WARN_OBJC_ROOT_CLASS = YES_ERROR;
				CLANG_WARN_RANGE_LOOP_ANALYSIS = YES;
				CLANG_WARN_STRICT_PROTOTYPES = YES;
				CLANG_WARN_SUSPICIOUS_MOVE = YES;
				CLANG_WARN_UNGUARDED_AVAILABILITY = YES_AGGRESSIVE;
				CLANG_WARN_UNREACHABLE_CODE = YES;
				CLANG_WARN__DUPLICATE_METHOD_MATCH = YES;
				COPY_PHASE_STRIP = NO;
				DEBUG_INFORMATION_FORMAT = dwarf;
				ENABLE_STRICT_OBJC_MSGSEND = YES;
				ENABLE_TESTABILITY = YES;
				GCC_C_LANGUAGE_STANDARD = gnu11;
				GCC_DYNAMIC_NO_PIC = NO;
				GCC_NO_COMMON_BLOCKS = YES;
				GCC_OPTIMIZATION_LEVEL = 0;
				GCC_PREPROCESSOR_DEFINITIONS = (
					"DEBUG=1",
					"$(inherited)",
				);
				GCC_WARN_64_TO_32_BIT_CONVERSION = YES;
				GCC_WARN_ABOUT_RETURN_TYPE = YES_ERROR;
				GCC_WARN_UNDECLARED_SELECTOR = YES;
				GCC_WARN_UNINITIALIZED_AUTOS = YES_AGGRESSIVE;
				GCC_WARN_UNUSED_FUNCTION = YES;
				GCC_WARN_UNUSED_VARIABLE = YES;
				IPHONEOS_DEPLOYMENT_TARGET = 13.2;
				MTL_ENABLE_DEBUG_INFO = INCLUDE_SOURCE;
				MTL_FAST_MATH = YES;
				ONLY_ACTIVE_ARCH = YES;
				SDKROOT = iphoneos;
				SWIFT_ACTIVE_COMPILATION_CONDITIONS = DEBUG;
				SWIFT_OPTIMIZATION_LEVEL = "-Onone";
			};
			name = Debug;
		};
		98F2B80F245AA7FC007F6E6A /* Release */ = {
			isa = XCBuildConfiguration;
			buildSettings = {
				ALWAYS_SEARCH_USER_PATHS = NO;
				CLANG_ANALYZER_NONNULL = YES;
				CLANG_ANALYZER_NUMBER_OBJECT_CONVERSION = YES_AGGRESSIVE;
				CLANG_CXX_LANGUAGE_STANDARD = "gnu++14";
				CLANG_CXX_LIBRARY = "libc++";
				CLANG_ENABLE_MODULES = YES;
				CLANG_ENABLE_OBJC_ARC = YES;
				CLANG_ENABLE_OBJC_WEAK = YES;
				CLANG_WARN_BLOCK_CAPTURE_AUTORELEASING = YES;
				CLANG_WARN_BOOL_CONVERSION = YES;
				CLANG_WARN_COMMA = YES;
				CLANG_WARN_CONSTANT_CONVERSION = YES;
				CLANG_WARN_DEPRECATED_OBJC_IMPLEMENTATIONS = YES;
				CLANG_WARN_DIRECT_OBJC_ISA_USAGE = YES_ERROR;
				CLANG_WARN_DOCUMENTATION_COMMENTS = YES;
				CLANG_WARN_EMPTY_BODY = YES;
				CLANG_WARN_ENUM_CONVERSION = YES;
				CLANG_WARN_INFINITE_RECURSION = YES;
				CLANG_WARN_INT_CONVERSION = YES;
				CLANG_WARN_NON_LITERAL_NULL_CONVERSION = YES;
				CLANG_WARN_OBJC_IMPLICIT_RETAIN_SELF = YES;
				CLANG_WARN_OBJC_LITERAL_CONVERSION = YES;
				CLANG_WARN_OBJC_ROOT_CLASS = YES_ERROR;
				CLANG_WARN_RANGE_LOOP_ANALYSIS = YES;
				CLANG_WARN_STRICT_PROTOTYPES = YES;
				CLANG_WARN_SUSPICIOUS_MOVE = YES;
				CLANG_WARN_UNGUARDED_AVAILABILITY = YES_AGGRESSIVE;
				CLANG_WARN_UNREACHABLE_CODE = YES;
				CLANG_WARN__DUPLICATE_METHOD_MATCH = YES;
				COPY_PHASE_STRIP = NO;
				DEBUG_INFORMATION_FORMAT = "dwarf-with-dsym";
				ENABLE_NS_ASSERTIONS = NO;
				ENABLE_STRICT_OBJC_MSGSEND = YES;
				GCC_C_LANGUAGE_STANDARD = gnu11;
				GCC_NO_COMMON_BLOCKS = YES;
				GCC_WARN_64_TO_32_BIT_CONVERSION = YES;
				GCC_WARN_ABOUT_RETURN_TYPE = YES_ERROR;
				GCC_WARN_UNDECLARED_SELECTOR = YES;
				GCC_WARN_UNINITIALIZED_AUTOS = YES_AGGRESSIVE;
				GCC_WARN_UNUSED_FUNCTION = YES;
				GCC_WARN_UNUSED_VARIABLE = YES;
				IPHONEOS_DEPLOYMENT_TARGET = 13.2;
				MTL_ENABLE_DEBUG_INFO = NO;
				MTL_FAST_MATH = YES;
				SDKROOT = iphoneos;
				SWIFT_COMPILATION_MODE = wholemodule;
				SWIFT_OPTIMIZATION_LEVEL = "-O";
				VALIDATE_PRODUCT = YES;
			};
			name = Release;
		};
		98F2B811245AA7FC007F6E6A /* Debug */ = {
			isa = XCBuildConfiguration;
			buildSettings = {
				ASSETCATALOG_COMPILER_APPICON_NAME = AppIcon;
				CODE_SIGN_STYLE = Automatic;
				DEVELOPMENT_TEAM = D3LT59KJ27;
				INFOPLIST_FILE = "Casale Homework #10/Info.plist";
				LD_RUNPATH_SEARCH_PATHS = (
					"$(inherited)",
					"@executable_path/Frameworks",
				);
				PRODUCT_BUNDLE_IDENTIFIER = "Amy-Casale.Casale-Homework--10";
				PRODUCT_NAME = "$(TARGET_NAME)";
				SWIFT_VERSION = 5.0;
				TARGETED_DEVICE_FAMILY = "1,2";
			};
			name = Debug;
		};
		98F2B812245AA7FC007F6E6A /* Release */ = {
			isa = XCBuildConfiguration;
			buildSettings = {
				ASSETCATALOG_COMPILER_APPICON_NAME = AppIcon;
				CODE_SIGN_STYLE = Automatic;
				DEVELOPMENT_TEAM = D3LT59KJ27;
				INFOPLIST_FILE = "Casale Homework #10/Info.plist";
				LD_RUNPATH_SEARCH_PATHS = (
					"$(inherited)",
					"@executable_path/Frameworks",
				);
				PRODUCT_BUNDLE_IDENTIFIER = "Amy-Casale.Casale-Homework--10";
				PRODUCT_NAME = "$(TARGET_NAME)";
				SWIFT_VERSION = 5.0;
				TARGETED_DEVICE_FAMILY = "1,2";
			};
			name = Release;
		};
		98F2B814245AA7FC007F6E6A /* Debug */ = {
			isa = XCBuildConfiguration;
			buildSettings = {
				ALWAYS_EMBED_SWIFT_STANDARD_LIBRARIES = YES;
				BUNDLE_LOADER = "$(TEST_HOST)";
				CODE_SIGN_STYLE = Automatic;
				DEVELOPMENT_TEAM = D3LT59KJ27;
				INFOPLIST_FILE = "Casale Homework #10Tests/Info.plist";
				IPHONEOS_DEPLOYMENT_TARGET = 13.2;
				LD_RUNPATH_SEARCH_PATHS = (
					"$(inherited)",
					"@executable_path/Frameworks",
					"@loader_path/Frameworks",
				);
				PRODUCT_BUNDLE_IDENTIFIER = "Amy-Casale.Casale-Homework--10Tests";
				PRODUCT_NAME = "$(TARGET_NAME)";
				SWIFT_VERSION = 5.0;
				TARGETED_DEVICE_FAMILY = "1,2";
				TEST_HOST = "$(BUILT_PRODUCTS_DIR)/Casale Homework #10.app/Casale Homework #10";
			};
			name = Debug;
		};
		98F2B815245AA7FC007F6E6A /* Release */ = {
			isa = XCBuildConfiguration;
			buildSettings = {
				ALWAYS_EMBED_SWIFT_STANDARD_LIBRARIES = YES;
				BUNDLE_LOADER = "$(TEST_HOST)";
				CODE_SIGN_STYLE = Automatic;
				DEVELOPMENT_TEAM = D3LT59KJ27;
				INFOPLIST_FILE = "Casale Homework #10Tests/Info.plist";
				IPHONEOS_DEPLOYMENT_TARGET = 13.2;
				LD_RUNPATH_SEARCH_PATHS = (
					"$(inherited)",
					"@executable_path/Frameworks",
					"@loader_path/Frameworks",
				);
				PRODUCT_BUNDLE_IDENTIFIER = "Amy-Casale.Casale-Homework--10Tests";
				PRODUCT_NAME = "$(TARGET_NAME)";
				SWIFT_VERSION = 5.0;
				TARGETED_DEVICE_FAMILY = "1,2";
				TEST_HOST = "$(BUILT_PRODUCTS_DIR)/Casale Homework #10.app/Casale Homework #10";
			};
			name = Release;
		};
		98F2B817245AA7FC007F6E6A /* Debug */ = {
			isa = XCBuildConfiguration;
			buildSettings = {
				ALWAYS_EMBED_SWIFT_STANDARD_LIBRARIES = YES;
				CODE_SIGN_STYLE = Automatic;
				DEVELOPMENT_TEAM = D3LT59KJ27;
				INFOPLIST_FILE = "Casale Homework #10UITests/Info.plist";
				LD_RUNPATH_SEARCH_PATHS = (
					"$(inherited)",
					"@executable_path/Frameworks",
					"@loader_path/Frameworks",
				);
				PRODUCT_BUNDLE_IDENTIFIER = "Amy-Casale.Casale-Homework--10UITests";
				PRODUCT_NAME = "$(TARGET_NAME)";
				SWIFT_VERSION = 5.0;
				TARGETED_DEVICE_FAMILY = "1,2";
				TEST_TARGET_NAME = "Casale Homework #10";
			};
			name = Debug;
		};
		98F2B818245AA7FC007F6E6A /* Release */ = {
			isa = XCBuildConfiguration;
			buildSettings = {
				ALWAYS_EMBED_SWIFT_STANDARD_LIBRARIES = YES;
				CODE_SIGN_STYLE = Automatic;
				DEVELOPMENT_TEAM = D3LT59KJ27;
				INFOPLIST_FILE = "Casale Homework #10UITests/Info.plist";
				LD_RUNPATH_SEARCH_PATHS = (
					"$(inherited)",
					"@executable_path/Frameworks",
					"@loader_path/Frameworks",
				);
				PRODUCT_BUNDLE_IDENTIFIER = "Amy-Casale.Casale-Homework--10UITests";
				PRODUCT_NAME = "$(TARGET_NAME)";
				SWIFT_VERSION = 5.0;
				TARGETED_DEVICE_FAMILY = "1,2";
				TEST_TARGET_NAME = "Casale Homework #10";
			};
			name = Release;
		};
/* End XCBuildConfiguration section */

/* Begin XCConfigurationList section */
		98F2B7E1245AA7F8007F6E6A /* Build configuration list for PBXProject "Casale Homework #10" */ = {
			isa = XCConfigurationList;
			buildConfigurations = (
				98F2B80E245AA7FC007F6E6A /* Debug */,
				98F2B80F245AA7FC007F6E6A /* Release */,
			);
			defaultConfigurationIsVisible = 0;
			defaultConfigurationName = Release;
		};
		98F2B810245AA7FC007F6E6A /* Build configuration list for PBXNativeTarget "Casale Homework #10" */ = {
			isa = XCConfigurationList;
			buildConfigurations = (
				98F2B811245AA7FC007F6E6A /* Debug */,
				98F2B812245AA7FC007F6E6A /* Release */,
			);
			defaultConfigurationIsVisible = 0;
			defaultConfigurationName = Release;
		};
		98F2B813245AA7FC007F6E6A /* Build configuration list for PBXNativeTarget "Casale Homework #10Tests" */ = {
			isa = XCConfigurationList;
			buildConfigurations = (
				98F2B814245AA7FC007F6E6A /* Debug */,
				98F2B815245AA7FC007F6E6A /* Release */,
			);
			defaultConfigurationIsVisible = 0;
			defaultConfigurationName = Release;
		};
		98F2B816245AA7FC007F6E6A /* Build configuration list for PBXNativeTarget "Casale Homework #10UITests" */ = {
			isa = XCConfigurationList;
			buildConfigurations = (
				98F2B817245AA7FC007F6E6A /* Debug */,
				98F2B818245AA7FC007F6E6A /* Release */,
			);
			defaultConfigurationIsVisible = 0;
			defaultConfigurationName = Release;
		};
/* End XCConfigurationList section */
	};
	rootObject = 98F2B7DE245AA7F8007F6E6A /* Project object */;
}
